
Microsoft Visual Studio Solution File, Format Version 12.00
# Visual Studio 2012
Project("{FAE04EC0-301F-11D3-BF4B-00C04F79EFBC}") = "OlaMundo", "OlaMundo\OlaMundo.csproj", "{29652251-F479-41B7-92E5-B462C36AA97C}"
EndProject
Global
	GlobalSection(SolutionConfigurationPlatforms) = preSolution
		Debug|x86 = Debug|x86
		Release|x86 = Release|x86
	EndGlobalSection
	GlobalSection(ProjectConfigurationPlatforms) = postSolution
		{29652251-F479-41B7-92E5-B462C36AA97C}.Debug|x86.ActiveCfg = Debug|x86
		{29652251-F479-41B7-92E5-B462C36AA97C}.Debug|x86.Build.0 = Debug|x86
		{29652251-F479-41B7-92E5-B462C36AA97C}.Release|x86.ActiveCfg = Release|x86
		{29652251-F479-41B7-92E5-B462C36AA97C}.Release|x86.Build.0 = Release|x86
	EndGlobalSection
EndGlobal
